// !$*UTF8*$!
{
	archiveVersion = 1;
	classes = {
	};
	objectVersion = 56;
	objects = {

/* Begin PBXBuildFile section */
		638BF2272AEBCDB50046DCCA /* SwiftUI_API_DemoApp.swift in Sources */ = {isa = PBXBuildFile; fileRef = 638BF2262AEBCDB50046DCCA /* SwiftUI_API_DemoApp.swift */; };
		638BF2292AEBCDB50046DCCA /* ContentView.swift in Sources */ = {isa = PBXBuildFile; fileRef = 638BF2282AEBCDB50046DCCA /* ContentView.swift */; };
		638BF22B2AEBCDB70046DCCA /* Assets.xcassets in Resources */ = {isa = PBXBuildFile; fileRef = 638BF22A2AEBCDB70046DCCA /* Assets.xcassets */; };
		638BF22E2AEBCDB70046DCCA /* Preview Assets.xcassets in Resources */ = {isa = PBXBuildFile; fileRef = 638BF22D2AEBCDB70046DCCA /* Preview Assets.xcassets */; };
		638BF2392AEBCE0A0046DCCA /* CryptoModel.swift in Sources */ = {isa = PBXBuildFile; fileRef = 638BF2382AEBCE0A0046DCCA /* CryptoModel.swift */; };
		638BF23B2AEBCEE40046DCCA /* WebService.swift in Sources */ = {isa = PBXBuildFile; fileRef = 638BF23A2AEBCEE40046DCCA /* WebService.swift */; };
		638BF23D2AEBD0C70046DCCA /* CryptoListViewModel.swift in Sources */ = {isa = PBXBuildFile; fileRef = 638BF23C2AEBD0C70046DCCA /* CryptoListViewModel.swift */; };
/* End PBXBuildFile section */

/* Begin PBXFileReference section */
		638BF2232AEBCDB50046DCCA /* SwiftUI API Demo.app */ = {isa = PBXFileReference; explicitFileType = wrapper.application; includeInIndex = 0; path = "SwiftUI API Demo.app"; sourceTree = BUILT_PRODUCTS_DIR; };
		638BF2262AEBCDB50046DCCA /* SwiftUI_API_DemoApp.swift */ = {isa = PBXFileReference; lastKnownFileType = sourcecode.swift; path = SwiftUI_API_DemoApp.swift; sourceTree = "<group>"; };
		638BF2282AEBCDB50046DCCA /* ContentView.swift */ = {isa = PBXFileReference; lastKnownFileType = sourcecode.swift; path = ContentView.swift; sourceTree = "<group>"; };
		638BF22A2AEBCDB70046DCCA /* Assets.xcassets */ = {isa = PBXFileReference; lastKnownFileType = folder.assetcatalog; path = Assets.xcassets; sourceTree = "<group>"; };
		638BF22D2AEBCDB70046DCCA /* Preview Assets.xcassets */ = {isa = PBXFileReference; lastKnownFileType = folder.assetcatalog; path = "Preview Assets.xcassets"; sourceTree = "<group>"; };
		638BF2382AEBCE0A0046DCCA /* CryptoModel.swift */ = {isa = PBXFileReference; lastKnownFileType = sourcecode.swift; path = CryptoModel.swift; sourceTree = "<group>"; };
		638BF23A2AEBCEE40046DCCA /* WebService.swift */ = {isa = PBXFileReference; lastKnownFileType = sourcecode.swift; path = WebService.swift; sourceTree = "<group>"; };
		638BF23C2AEBD0C70046DCCA /* CryptoListViewModel.swift */ = {isa = PBXFileReference; lastKnownFileType = sourcecode.swift; path = CryptoListViewModel.swift; sourceTree = "<group>"; };
/* End PBXFileReference section */

/* Begin PBXFrameworksBuildPhase section */
		638BF2202AEBCDB50046DCCA /* Frameworks */ = {
			isa = PBXFrameworksBuildPhase;
			buildActionMask = 2147483647;
			files = (
			);
			runOnlyForDeploymentPostprocessing = 0;
		};
/* End PBXFrameworksBuildPhase section */

/* Begin PBXGroup section */
		638BF21A2AEBCDB50046DCCA = {
			isa = PBXGroup;
			children = (
				638BF2252AEBCDB50046DCCA /* SwiftUI API Demo */,
				638BF2242AEBCDB50046DCCA /* Products */,
			);
			sourceTree = "<group>";
		};
		638BF2242AEBCDB50046DCCA /* Products */ = {
			isa = PBXGroup;
			children = (
				638BF2232AEBCDB50046DCCA /* SwiftUI API Demo.app */,
			);
			name = Products;
			sourceTree = "<group>";
		};
		638BF2252AEBCDB50046DCCA /* SwiftUI API Demo */ = {
			isa = PBXGroup;
			children = (
				638BF2372AEBCDFC0046DCCA /* ViewModel */,
				638BF2362AEBCDF80046DCCA /* View */,
				638BF2352AEBCDF00046DCCA /* Service */,
				638BF2342AEBCDE80046DCCA /* Model */,
				638BF2262AEBCDB50046DCCA /* SwiftUI_API_DemoApp.swift */,
				638BF22A2AEBCDB70046DCCA /* Assets.xcassets */,
				638BF22C2AEBCDB70046DCCA /* Preview Content */,
			);
			path = "SwiftUI API Demo";
			sourceTree = "<group>";
		};
		638BF22C2AEBCDB70046DCCA /* Preview Content */ = {
			isa = PBXGroup;
			children = (
				638BF22D2AEBCDB70046DCCA /* Preview Assets.xcassets */,
			);
			path = "Preview Content";
			sourceTree = "<group>";
		};
		638BF2342AEBCDE80046DCCA /* Model */ = {
			isa = PBXGroup;
			children = (
				638BF2382AEBCE0A0046DCCA /* CryptoModel.swift */,
			);
			path = Model;
			sourceTree = "<group>";
		};
		638BF2352AEBCDF00046DCCA /* Service */ = {
			isa = PBXGroup;
			children = (
				638BF23A2AEBCEE40046DCCA /* WebService.swift */,
			);
			path = Service;
			sourceTree = "<group>";
		};
		638BF2362AEBCDF80046DCCA /* View */ = {
			isa = PBXGroup;
			children = (
				638BF2282AEBCDB50046DCCA /* ContentView.swift */,
			);
			path = View;
			sourceTree = "<group>";
		};
		638BF2372AEBCDFC0046DCCA /* ViewModel */ = {
			isa = PBXGroup;
			children = (
				638BF23C2AEBD0C70046DCCA /* CryptoListViewModel.swift */,
			);
			path = ViewModel;
			sourceTree = "<group>";
		};
/* End PBXGroup section */

/* Begin PBXNativeTarget section */
		638BF2222AEBCDB50046DCCA /* SwiftUI API Demo */ = {
			isa = PBXNativeTarget;
			buildConfigurationList = 638BF2312AEBCDB70046DCCA /* Build configuration list for PBXNativeTarget "SwiftUI API Demo" */;
			buildPhases = (
				638BF21F2AEBCDB50046DCCA /* Sources */,
				638BF2202AEBCDB50046DCCA /* Frameworks */,
				638BF2212AEBCDB50046DCCA /* Resources */,
			);
			buildRules = (
			);
			dependencies = (
			);
			name = "SwiftUI API Demo";
			productName = "SwiftUI API Demo";
			productReference = 638BF2232AEBCDB50046DCCA /* SwiftUI API Demo.app */;
			productType = "com.apple.product-type.application";
		};
/* End PBXNativeTarget section */

/* Begin PBXProject section */
		638BF21B2AEBCDB50046DCCA /* Project object */ = {
			isa = PBXProject;
			attributes = {
				BuildIndependentTargetsInParallel = 1;
				LastSwiftUpdateCheck = 1500;
				LastUpgradeCheck = 1500;
				TargetAttributes = {
					638BF2222AEBCDB50046DCCA = {
						CreatedOnToolsVersion = 15.0.1;
					};
				};
			};
			buildConfigurationList = 638BF21E2AEBCDB50046DCCA /* Build configuration list for PBXProject "SwiftUI API Demo" */;
			compatibilityVersion = "Xcode 14.0";
			developmentRegion = en;
			hasScannedForEncodings = 0;
			knownRegions = (
				en,
				Base,
			);
			mainGroup = 638BF21A2AEBCDB50046DCCA;
			productRefGroup = 638BF2242AEBCDB50046DCCA /* Products */;
			projectDirPath = "";
			projectRoot = "";
			targets = (
				638BF2222AEBCDB50046DCCA /* SwiftUI API Demo */,
			);
		};
/* End PBXProject section */

/* Begin PBXResourcesBuildPhase section */
		638BF2212AEBCDB50046DCCA /* Resources */ = {
			isa = PBXResourcesBuildPhase;
			buildActionMask = 2147483647;
			files = (
				638BF22E2AEBCDB70046DCCA /* Preview Assets.xcassets in Resources */,
				638BF22B2AEBCDB70046DCCA /* Assets.xcassets in Resources */,
			);
			runOnlyForDeploymentPostprocessing = 0;
		};
/* End PBXResourcesBuildPhase section */

/* Begin PBXSourcesBuildPhase section */
		638BF21F2AEBCDB50046DCCA /* Sources */ = {
			isa = PBXSourcesBuildPhase;
			buildActionMask = 2147483647;
			files = (
				638BF2292AEBCDB50046DCCA /* ContentView.swift in Sources */,
				638BF2272AEBCDB50046DCCA /* SwiftUI_API_DemoApp.swift in Sources */,
				638BF23B2AEBCEE40046DCCA /* WebService.swift in Sources */,
				638BF2392AEBCE0A0046DCCA /* CryptoModel.swift in Sources */,
				638BF23D2AEBD0C70046DCCA /* CryptoListViewModel.swift in Sources */,
			);
			runOnlyForDeploymentPostprocessing = 0;
		};
/* End PBXSourcesBuildPhase section */

/* Begin XCBuildConfiguration section */
		638BF22F2AEBCDB70046DCCA /* Debug */ = {
			isa = XCBuildConfiguration;
			buildSettings = {
				ALWAYS_SEARCH_USER_PATHS = NO;
				ASSETCATALOG_COMPILER_GENERATE_SWIFT_ASSET_SYMBOL_EXTENSIONS = YES;
				CLANG_ANALYZER_NONNULL = YES;
				CLANG_ANALYZER_NUMBER_OBJECT_CONVERSION = YES_AGGRESSIVE;
				CLANG_CXX_LANGUAGE_STANDARD = "gnu++20";
				CLANG_ENABLE_MODULES = YES;
				CLANG_ENABLE_OBJC_ARC = YES;
				CLANG_ENABLE_OBJC_WEAK = YES;
				CLANG_WARN_BLOCK_CAPTURE_AUTORELEASING = YES;
				CLANG_WARN_BOOL_CONVERSION = YES;
				CLANG_WARN_COMMA = YES;
				CLANG_WARN_CONSTANT_CONVERSION = YES;
				CLANG_WARN_DEPRECATED_OBJC_IMPLEMENTATIONS = YES;
				CLANG_WARN_DIRECT_OBJC_ISA_USAGE = YES_ERROR;
				CLANG_WARN_DOCUMENTATION_COMMENTS = YES;
				CLANG_WARN_EMPTY_BODY = YES;
				CLANG_WARN_ENUM_CONVERSION = YES;
				CLANG_WARN_INFINITE_RECURSION = YES;
				CLANG_WARN_INT_CONVERSION = YES;
				CLANG_WARN_NON_LITERAL_NULL_CONVERSION = YES;
				CLANG_WARN_OBJC_IMPLICIT_RETAIN_SELF = YES;
				CLANG_WARN_OBJC_LITERAL_CONVERSION = YES;
				CLANG_WARN_OBJC_ROOT_CLASS = YES_ERROR;
				CLANG_WARN_QUOTED_INCLUDE_IN_FRAMEWORK_HEADER = YES;
				CLANG_WARN_RANGE_LOOP_ANALYSIS = YES;
				CLANG_WARN_STRICT_PROTOTYPES = YES;
				CLANG_WARN_SUSPICIOUS_MOVE = YES;
				CLANG_WARN_UNGUARDED_AVAILABILITY = YES_AGGRESSIVE;
				CLANG_WARN_UNREACHABLE_CODE = YES;
				CLANG_WARN__DUPLICATE_METHOD_MATCH = YES;
				COPY_PHASE_STRIP = NO;
				DEBUG_INFORMATION_FORMAT = dwarf;
				ENABLE_STRICT_OBJC_MSGSEND = YES;
				ENABLE_TESTABILITY = YES;
				ENABLE_USER_SCRIPT_SANDBOXING = YES;
				GCC_C_LANGUAGE_STANDARD = gnu17;
				GCC_DYNAMIC_NO_PIC = NO;
				GCC_NO_COMMON_BLOCKS = YES;
				GCC_OPTIMIZATION_LEVEL = 0;
				GCC_PREPROCESSOR_DEFINITIONS = (
					"DEBUG=1",
					"$(inherited)",
				);
				GCC_WARN_64_TO_32_BIT_CONVERSION = YES;
				GCC_WARN_ABOUT_RETURN_TYPE = YES_ERROR;
				GCC_WARN_UNDECLARED_SELECTOR = YES;
				GCC_WARN_UNINITIALIZED_AUTOS = YES_AGGRESSIVE;
				GCC_WARN_UNUSED_FUNCTION = YES;
				GCC_WARN_UNUSED_VARIABLE = YES;
				IPHONEOS_DEPLOYMENT_TARGET = 17.0;
				LOCALIZATION_PREFERS_STRING_CATALOGS = YES;
				MTL_ENABLE_DEBUG_INFO = INCLUDE_SOURCE;
				MTL_FAST_MATH = YES;
				ONLY_ACTIVE_ARCH = YES;
				SDKROOT = iphoneos;
				SWIFT_ACTIVE_COMPILATION_CONDITIONS = "DEBUG $(inherited)";
				SWIFT_OPTIMIZATION_LEVEL = "-Onone";
			};
			name = Debug;
		};
		638BF2302AEBCDB70046DCCA /* Release */ = {
			isa = XCBuildConfiguration;
			buildSettings = {
				ALWAYS_SEARCH_USER_PATHS = NO;
				ASSETCATALOG_COMPILER_GENERATE_SWIFT_ASSET_SYMBOL_EXTENSIONS = YES;
				CLANG_ANALYZER_NONNULL = YES;
				CLANG_ANALYZER_NUMBER_OBJECT_CONVERSION = YES_AGGRESSIVE;
				CLANG_CXX_LANGUAGE_STANDARD = "gnu++20";
				CLANG_ENABLE_MODULES = YES;
				CLANG_ENABLE_OBJC_ARC = YES;
				CLANG_ENABLE_OBJC_WEAK = YES;
				CLANG_WARN_BLOCK_CAPTURE_AUTORELEASING = YES;
				CLANG_WARN_BOOL_CONVERSION = YES;
				CLANG_WARN_COMMA = YES;
				CLANG_WARN_CONSTANT_CONVERSION = YES;
				CLANG_WARN_DEPRECATED_OBJC_IMPLEMENTATIONS = YES;
				CLANG_WARN_DIRECT_OBJC_ISA_USAGE = YES_ERROR;
				CLANG_WARN_DOCUMENTATION_COMMENTS = YES;
				CLANG_WARN_EMPTY_BODY = YES;
				CLANG_WARN_ENUM_CONVERSION = YES;
				CLANG_WARN_INFINITE_RECURSION = YES;
				CLANG_WARN_INT_CONVERSION = YES;
				CLANG_WARN_NON_LITERAL_NULL_CONVERSION = YES;
				CLANG_WARN_OBJC_IMPLICIT_RETAIN_SELF = YES;
				CLANG_WARN_OBJC_LITERAL_CONVERSION = YES;
				CLANG_WARN_OBJC_ROOT_CLASS = YES_ERROR;
				CLANG_WARN_QUOTED_INCLUDE_IN_FRAMEWORK_HEADER = YES;
				CLANG_WARN_RANGE_LOOP_ANALYSIS = YES;
				CLANG_WARN_STRICT_PROTOTYPES = YES;
				CLANG_WARN_SUSPICIOUS_MOVE = YES;
				CLANG_WARN_UNGUARDED_AVAILABILITY = YES_AGGRESSIVE;
				CLANG_WARN_UNREACHABLE_CODE = YES;
				CLANG_WARN__DUPLICATE_METHOD_MATCH = YES;
				COPY_PHASE_STRIP = NO;
				DEBUG_INFORMATION_FORMAT = "dwarf-with-dsym";
				ENABLE_NS_ASSERTIONS = NO;
				ENABLE_STRICT_OBJC_MSGSEND = YES;
				ENABLE_USER_SCRIPT_SANDBOXING = YES;
				GCC_C_LANGUAGE_STANDARD = gnu17;
				GCC_NO_COMMON_BLOCKS = YES;
				GCC_WARN_64_TO_32_BIT_CONVERSION = YES;
				GCC_WARN_ABOUT_RETURN_TYPE = YES_ERROR;
				GCC_WARN_UNDECLARED_SELECTOR = YES;
				GCC_WARN_UNINITIALIZED_AUTOS = YES_AGGRESSIVE;
				GCC_WARN_UNUSED_FUNCTION = YES;
				GCC_WARN_UNUSED_VARIABLE = YES;
				IPHONEOS_DEPLOYMENT_TARGET = 17.0;
				LOCALIZATION_PREFERS_STRING_CATALOGS = YES;
				MTL_ENABLE_DEBUG_INFO = NO;
				MTL_FAST_MATH = YES;
				SDKROOT = iphoneos;
				SWIFT_COMPILATION_MODE = wholemodule;
				VALIDATE_PRODUCT = YES;
			};
			name = Release;
		};
		638BF2322AEBCDB70046DCCA /* Debug */ = {
			isa = XCBuildConfiguration;
			buildSettings = {
				ASSETCATALOG_COMPILER_APPICON_NAME = AppIcon;
				ASSETCATALOG_COMPILER_GLOBAL_ACCENT_COLOR_NAME = AccentColor;
				CODE_SIGN_STYLE = Automatic;
				CURRENT_PROJECT_VERSION = 1;
				DEVELOPMENT_ASSET_PATHS = "\"SwiftUI API Demo/Preview Content\"";
				DEVELOPMENT_TEAM = 637FC6BUKX;
				ENABLE_PREVIEWS = YES;
				GENERATE_INFOPLIST_FILE = YES;
				INFOPLIST_KEY_UIApplicationSceneManifest_Generation = YES;
				INFOPLIST_KEY_UIApplicationSupportsIndirectInputEvents = YES;
				INFOPLIST_KEY_UILaunchScreen_Generation = YES;
				INFOPLIST_KEY_UISupportedInterfaceOrientations_iPad = "UIInterfaceOrientationPortrait UIInterfaceOrientationPortraitUpsideDown UIInterfaceOrientationLandscapeLeft UIInterfaceOrientationLandscapeRight";
				INFOPLIST_KEY_UISupportedInterfaceOrientations_iPhone = "UIInterfaceOrientationPortrait UIInterfaceOrientationLandscapeLeft UIInterfaceOrientationLandscapeRight";
				LD_RUNPATH_SEARCH_PATHS = (
					"$(inherited)",
					"@executable_path/Frameworks",
				);
				MARKETING_VERSION = 1.0;
				PRODUCT_BUNDLE_IDENTIFIER = "com.ekenozlu.SwiftUI-API-Demo";
				PRODUCT_NAME = "$(TARGET_NAME)";
				SWIFT_EMIT_LOC_STRINGS = YES;
				SWIFT_VERSION = 5.0;
				TARGETED_DEVICE_FAMILY = "1,2";
			};
			name = Debug;
		};
		638BF2332AEBCDB70046DCCA /* Release */ = {
			isa = XCBuildConfiguration;
			buildSettings = {
				ASSETCATALOG_COMPILER_APPICON_NAME = AppIcon;
				ASSETCATALOG_COMPILER_GLOBAL_ACCENT_COLOR_NAME = AccentColor;
				CODE_SIGN_STYLE = Automatic;
				CURRENT_PROJECT_VERSION = 1;
				DEVELOPMENT_ASSET_PATHS = "\"SwiftUI API Demo/Preview Content\"";
				DEVELOPMENT_TEAM = 637FC6BUKX;
				ENABLE_PREVIEWS = YES;
				GENERATE_INFOPLIST_FILE = YES;
				INFOPLIST_KEY_UIApplicationSceneManifest_Generation = YES;
				INFOPLIST_KEY_UIApplicationSupportsIndirectInputEvents = YES;
				INFOPLIST_KEY_UILaunchScreen_Generation = YES;
				INFOPLIST_KEY_UISupportedInterfaceOrientations_iPad = "UIInterfaceOrientationPortrait UIInterfaceOrientationPortraitUpsideDown UIInterfaceOrientationLandscapeLeft UIInterfaceOrientationLandscapeRight";
				INFOPLIST_KEY_UISupportedInterfaceOrientations_iPhone = "UIInterfaceOrientationPortrait UIInterfaceOrientationLandscapeLeft UIInterfaceOrientationLandscapeRight";
				LD_RUNPATH_SEARCH_PATHS = (
					"$(inherited)",
					"@executable_path/Frameworks",
				);
				MARKETING_VERSION = 1.0;
				PRODUCT_BUNDLE_IDENTIFIER = "com.ekenozlu.SwiftUI-API-Demo";
				PRODUCT_NAME = "$(TARGET_NAME)";
				SWIFT_EMIT_LOC_STRINGS = YES;
				SWIFT_VERSION = 5.0;
				TARGETED_DEVICE_FAMILY = "1,2";
			};
			name = Release;
		};
/* End XCBuildConfiguration section */

/* Begin XCConfigurationList section */
		638BF21E2AEBCDB50046DCCA /* Build configuration list for PBXProject "SwiftUI API Demo" */ = {
			isa = XCConfigurationList;
			buildConfigurations = (
				638BF22F2AEBCDB70046DCCA /* Debug */,
				638BF2302AEBCDB70046DCCA /* Release */,
			);
			defaultConfigurationIsVisible = 0;
			defaultConfigurationName = Release;
		};
		638BF2312AEBCDB70046DCCA /* Build configuration list for PBXNativeTarget "SwiftUI API Demo" */ = {
			isa = XCConfigurationList;
			buildConfigurations = (
				638BF2322AEBCDB70046DCCA /* Debug */,
				638BF2332AEBCDB70046DCCA /* Release */,
			);
			defaultConfigurationIsVisible = 0;
			defaultConfigurationName = Release;
		};
/* End XCConfigurationList section */
	};
	rootObject = 638BF21B2AEBCDB50046DCCA /* Project object */;
}
