// !$*UTF8*$!
{
	archiveVersion = 1;
	classes = {
	};
	objectVersion = 56;
	objects = {

/* Begin PBXBuildFile section */
		63735D4C2AED033F005B3696 /* UserModel.swift in Sources */ = {isa = PBXBuildFile; fileRef = 63735D4B2AED033F005B3696 /* UserModel.swift */; };
		63735D4F2AED0395005B3696 /* APIManager.swift in Sources */ = {isa = PBXBuildFile; fileRef = 63735D4E2AED0395005B3696 /* APIManager.swift */; };
		63735D522AED1A6A005B3696 /* UserViewModel.swift in Sources */ = {isa = PBXBuildFile; fileRef = 63735D512AED1A6A005B3696 /* UserViewModel.swift */; };
		63735D542AED1BF0005B3696 /* UserViewModelOutput.swift in Sources */ = {isa = PBXBuildFile; fileRef = 63735D532AED1BF0005B3696 /* UserViewModelOutput.swift */; };
		63ADE4DF2AECFFE200D778AF /* AppDelegate.swift in Sources */ = {isa = PBXBuildFile; fileRef = 63ADE4DE2AECFFE200D778AF /* AppDelegate.swift */; };
		63ADE4E32AECFFE200D778AF /* ViewController.swift in Sources */ = {isa = PBXBuildFile; fileRef = 63ADE4E22AECFFE200D778AF /* ViewController.swift */; };
		63ADE4E82AECFFE500D778AF /* Assets.xcassets in Resources */ = {isa = PBXBuildFile; fileRef = 63ADE4E72AECFFE500D778AF /* Assets.xcassets */; };
		63ADE4EB2AECFFE500D778AF /* LaunchScreen.storyboard in Resources */ = {isa = PBXBuildFile; fileRef = 63ADE4E92AECFFE500D778AF /* LaunchScreen.storyboard */; };
		63ADE4F62AECFFE600D778AF /* ProtocolOriented_ProjectTests.swift in Sources */ = {isa = PBXBuildFile; fileRef = 63ADE4F52AECFFE600D778AF /* ProtocolOriented_ProjectTests.swift */; };
		63ADE5002AECFFE600D778AF /* ProtocolOriented_ProjectUITests.swift in Sources */ = {isa = PBXBuildFile; fileRef = 63ADE4FF2AECFFE600D778AF /* ProtocolOriented_ProjectUITests.swift */; };
		63ADE5022AECFFE600D778AF /* ProtocolOriented_ProjectUITestsLaunchTests.swift in Sources */ = {isa = PBXBuildFile; fileRef = 63ADE5012AECFFE600D778AF /* ProtocolOriented_ProjectUITestsLaunchTests.swift */; };
/* End PBXBuildFile section */

/* Begin PBXContainerItemProxy section */
		63ADE4F22AECFFE600D778AF /* PBXContainerItemProxy */ = {
			isa = PBXContainerItemProxy;
			containerPortal = 63ADE4D32AECFFE200D778AF /* Project object */;
			proxyType = 1;
			remoteGlobalIDString = 63ADE4DA2AECFFE200D778AF;
			remoteInfo = "ProtocolOriented Project";
		};
		63ADE4FC2AECFFE600D778AF /* PBXContainerItemProxy */ = {
			isa = PBXContainerItemProxy;
			containerPortal = 63ADE4D32AECFFE200D778AF /* Project object */;
			proxyType = 1;
			remoteGlobalIDString = 63ADE4DA2AECFFE200D778AF;
			remoteInfo = "ProtocolOriented Project";
		};
/* End PBXContainerItemProxy section */

/* Begin PBXFileReference section */
		63735D4B2AED033F005B3696 /* UserModel.swift */ = {isa = PBXFileReference; lastKnownFileType = sourcecode.swift; path = UserModel.swift; sourceTree = "<group>"; };
		63735D4E2AED0395005B3696 /* APIManager.swift */ = {isa = PBXFileReference; lastKnownFileType = sourcecode.swift; name = APIManager.swift; path = "ProtocolOriented Project/APIManager.swift"; sourceTree = SOURCE_ROOT; };
		63735D512AED1A6A005B3696 /* UserViewModel.swift */ = {isa = PBXFileReference; lastKnownFileType = sourcecode.swift; name = UserViewModel.swift; path = "ProtocolOriented Project/UserViewModel.swift"; sourceTree = SOURCE_ROOT; };
		63735D532AED1BF0005B3696 /* UserViewModelOutput.swift */ = {isa = PBXFileReference; lastKnownFileType = sourcecode.swift; name = UserViewModelOutput.swift; path = "ProtocolOriented Project/UserViewModelOutput.swift"; sourceTree = SOURCE_ROOT; };
		63ADE4DB2AECFFE200D778AF /* ProtocolOriented Project.app */ = {isa = PBXFileReference; explicitFileType = wrapper.application; includeInIndex = 0; path = "ProtocolOriented Project.app"; sourceTree = BUILT_PRODUCTS_DIR; };
		63ADE4DE2AECFFE200D778AF /* AppDelegate.swift */ = {isa = PBXFileReference; lastKnownFileType = sourcecode.swift; path = AppDelegate.swift; sourceTree = "<group>"; };
		63ADE4E22AECFFE200D778AF /* ViewController.swift */ = {isa = PBXFileReference; lastKnownFileType = sourcecode.swift; path = ViewController.swift; sourceTree = "<group>"; };
		63ADE4E72AECFFE500D778AF /* Assets.xcassets */ = {isa = PBXFileReference; lastKnownFileType = folder.assetcatalog; path = Assets.xcassets; sourceTree = "<group>"; };
		63ADE4EA2AECFFE500D778AF /* Base */ = {isa = PBXFileReference; lastKnownFileType = file.storyboard; name = Base; path = Base.lproj/LaunchScreen.storyboard; sourceTree = "<group>"; };
		63ADE4EC2AECFFE500D778AF /* Info.plist */ = {isa = PBXFileReference; lastKnownFileType = text.plist.xml; path = Info.plist; sourceTree = "<group>"; };
		63ADE4F12AECFFE600D778AF /* ProtocolOriented ProjectTests.xctest */ = {isa = PBXFileReference; explicitFileType = wrapper.cfbundle; includeInIndex = 0; path = "ProtocolOriented ProjectTests.xctest"; sourceTree = BUILT_PRODUCTS_DIR; };
		63ADE4F52AECFFE600D778AF /* ProtocolOriented_ProjectTests.swift */ = {isa = PBXFileReference; lastKnownFileType = sourcecode.swift; path = ProtocolOriented_ProjectTests.swift; sourceTree = "<group>"; };
		63ADE4FB2AECFFE600D778AF /* ProtocolOriented ProjectUITests.xctest */ = {isa = PBXFileReference; explicitFileType = wrapper.cfbundle; includeInIndex = 0; path = "ProtocolOriented ProjectUITests.xctest"; sourceTree = BUILT_PRODUCTS_DIR; };
		63ADE4FF2AECFFE600D778AF /* ProtocolOriented_ProjectUITests.swift */ = {isa = PBXFileReference; lastKnownFileType = sourcecode.swift; path = ProtocolOriented_ProjectUITests.swift; sourceTree = "<group>"; };
		63ADE5012AECFFE600D778AF /* ProtocolOriented_ProjectUITestsLaunchTests.swift */ = {isa = PBXFileReference; lastKnownFileType = sourcecode.swift; path = ProtocolOriented_ProjectUITestsLaunchTests.swift; sourceTree = "<group>"; };
/* End PBXFileReference section */

/* Begin PBXFrameworksBuildPhase section */
		63ADE4D82AECFFE200D778AF /* Frameworks */ = {
			isa = PBXFrameworksBuildPhase;
			buildActionMask = 2147483647;
			files = (
			);
			runOnlyForDeploymentPostprocessing = 0;
		};
		63ADE4EE2AECFFE600D778AF /* Frameworks */ = {
			isa = PBXFrameworksBuildPhase;
			buildActionMask = 2147483647;
			files = (
			);
			runOnlyForDeploymentPostprocessing = 0;
		};
		63ADE4F82AECFFE600D778AF /* Frameworks */ = {
			isa = PBXFrameworksBuildPhase;
			buildActionMask = 2147483647;
			files = (
			);
			runOnlyForDeploymentPostprocessing = 0;
		};
/* End PBXFrameworksBuildPhase section */

/* Begin PBXGroup section */
		63735D4D2AED0383005B3696 /* New Group */ = {
			isa = PBXGroup;
			children = (
				63735D4E2AED0395005B3696 /* APIManager.swift */,
			);
			path = "New Group";
			sourceTree = "<group>";
		};
		63735D502AED1A37005B3696 /* New Group1 */ = {
			isa = PBXGroup;
			children = (
				63735D512AED1A6A005B3696 /* UserViewModel.swift */,
				63735D532AED1BF0005B3696 /* UserViewModelOutput.swift */,
			);
			path = "New Group1";
			sourceTree = "<group>";
		};
		63735D552AED1C04005B3696 /* New Group2 */ = {
			isa = PBXGroup;
			children = (
				63ADE4E22AECFFE200D778AF /* ViewController.swift */,
			);
			path = "New Group2";
			sourceTree = "<group>";
		};
		63735D562AED1C1B005B3696 /* New Group3 */ = {
			isa = PBXGroup;
			children = (
				63735D4B2AED033F005B3696 /* UserModel.swift */,
			);
			path = "New Group3";
			sourceTree = "<group>";
		};
		63ADE4D22AECFFE200D778AF = {
			isa = PBXGroup;
			children = (
				63ADE4DD2AECFFE200D778AF /* ProtocolOriented Project */,
				63ADE4F42AECFFE600D778AF /* ProtocolOriented ProjectTests */,
				63ADE4FE2AECFFE600D778AF /* ProtocolOriented ProjectUITests */,
				63ADE4DC2AECFFE200D778AF /* Products */,
			);
			sourceTree = "<group>";
		};
		63ADE4DC2AECFFE200D778AF /* Products */ = {
			isa = PBXGroup;
			children = (
				63ADE4DB2AECFFE200D778AF /* ProtocolOriented Project.app */,
				63ADE4F12AECFFE600D778AF /* ProtocolOriented ProjectTests.xctest */,
				63ADE4FB2AECFFE600D778AF /* ProtocolOriented ProjectUITests.xctest */,
			);
			name = Products;
			sourceTree = "<group>";
		};
		63ADE4DD2AECFFE200D778AF /* ProtocolOriented Project */ = {
			isa = PBXGroup;
			children = (
				63735D562AED1C1B005B3696 /* New Group3 */,
				63735D552AED1C04005B3696 /* New Group2 */,
				63735D502AED1A37005B3696 /* New Group1 */,
				63735D4D2AED0383005B3696 /* New Group */,
				63ADE4DE2AECFFE200D778AF /* AppDelegate.swift */,
				63ADE4E72AECFFE500D778AF /* Assets.xcassets */,
				63ADE4E92AECFFE500D778AF /* LaunchScreen.storyboard */,
				63ADE4EC2AECFFE500D778AF /* Info.plist */,
			);
			path = "ProtocolOriented Project";
			sourceTree = "<group>";
		};
		63ADE4F42AECFFE600D778AF /* ProtocolOriented ProjectTests */ = {
			isa = PBXGroup;
			children = (
				63ADE4F52AECFFE600D778AF /* ProtocolOriented_ProjectTests.swift */,
			);
			path = "ProtocolOriented ProjectTests";
			sourceTree = "<group>";
		};
		63ADE4FE2AECFFE600D778AF /* ProtocolOriented ProjectUITests */ = {
			isa = PBXGroup;
			children = (
				63ADE4FF2AECFFE600D778AF /* ProtocolOriented_ProjectUITests.swift */,
				63ADE5012AECFFE600D778AF /* ProtocolOriented_ProjectUITestsLaunchTests.swift */,
			);
			path = "ProtocolOriented ProjectUITests";
			sourceTree = "<group>";
		};
/* End PBXGroup section */

/* Begin PBXNativeTarget section */
		63ADE4DA2AECFFE200D778AF /* ProtocolOriented Project */ = {
			isa = PBXNativeTarget;
			buildConfigurationList = 63ADE5052AECFFE600D778AF /* Build configuration list for PBXNativeTarget "ProtocolOriented Project" */;
			buildPhases = (
				63ADE4D72AECFFE200D778AF /* Sources */,
				63ADE4D82AECFFE200D778AF /* Frameworks */,
				63ADE4D92AECFFE200D778AF /* Resources */,
			);
			buildRules = (
			);
			dependencies = (
			);
			name = "ProtocolOriented Project";
			productName = "ProtocolOriented Project";
			productReference = 63ADE4DB2AECFFE200D778AF /* ProtocolOriented Project.app */;
			productType = "com.apple.product-type.application";
		};
		63ADE4F02AECFFE600D778AF /* ProtocolOriented ProjectTests */ = {
			isa = PBXNativeTarget;
			buildConfigurationList = 63ADE5082AECFFE600D778AF /* Build configuration list for PBXNativeTarget "ProtocolOriented ProjectTests" */;
			buildPhases = (
				63ADE4ED2AECFFE600D778AF /* Sources */,
				63ADE4EE2AECFFE600D778AF /* Frameworks */,
				63ADE4EF2AECFFE600D778AF /* Resources */,
			);
			buildRules = (
			);
			dependencies = (
				63ADE4F32AECFFE600D778AF /* PBXTargetDependency */,
			);
			name = "ProtocolOriented ProjectTests";
			productName = "ProtocolOriented ProjectTests";
			productReference = 63ADE4F12AECFFE600D778AF /* ProtocolOriented ProjectTests.xctest */;
			productType = "com.apple.product-type.bundle.unit-test";
		};
		63ADE4FA2AECFFE600D778AF /* ProtocolOriented ProjectUITests */ = {
			isa = PBXNativeTarget;
			buildConfigurationList = 63ADE50B2AECFFE600D778AF /* Build configuration list for PBXNativeTarget "ProtocolOriented ProjectUITests" */;
			buildPhases = (
				63ADE4F72AECFFE600D778AF /* Sources */,
				63ADE4F82AECFFE600D778AF /* Frameworks */,
				63ADE4F92AECFFE600D778AF /* Resources */,
			);
			buildRules = (
			);
			dependencies = (
				63ADE4FD2AECFFE600D778AF /* PBXTargetDependency */,
			);
			name = "ProtocolOriented ProjectUITests";
			productName = "ProtocolOriented ProjectUITests";
			productReference = 63ADE4FB2AECFFE600D778AF /* ProtocolOriented ProjectUITests.xctest */;
			productType = "com.apple.product-type.bundle.ui-testing";
		};
/* End PBXNativeTarget section */

/* Begin PBXProject section */
		63ADE4D32AECFFE200D778AF /* Project object */ = {
			isa = PBXProject;
			attributes = {
				BuildIndependentTargetsInParallel = 1;
				LastSwiftUpdateCheck = 1500;
				LastUpgradeCheck = 1500;
				TargetAttributes = {
					63ADE4DA2AECFFE200D778AF = {
						CreatedOnToolsVersion = 15.0.1;
					};
					63ADE4F02AECFFE600D778AF = {
						CreatedOnToolsVersion = 15.0.1;
						TestTargetID = 63ADE4DA2AECFFE200D778AF;
					};
					63ADE4FA2AECFFE600D778AF = {
						CreatedOnToolsVersion = 15.0.1;
						TestTargetID = 63ADE4DA2AECFFE200D778AF;
					};
				};
			};
			buildConfigurationList = 63ADE4D62AECFFE200D778AF /* Build configuration list for PBXProject "ProtocolOriented Project" */;
			compatibilityVersion = "Xcode 14.0";
			developmentRegion = en;
			hasScannedForEncodings = 0;
			knownRegions = (
				en,
				Base,
			);
			mainGroup = 63ADE4D22AECFFE200D778AF;
			productRefGroup = 63ADE4DC2AECFFE200D778AF /* Products */;
			projectDirPath = "";
			projectRoot = "";
			targets = (
				63ADE4DA2AECFFE200D778AF /* ProtocolOriented Project */,
				63ADE4F02AECFFE600D778AF /* ProtocolOriented ProjectTests */,
				63ADE4FA2AECFFE600D778AF /* ProtocolOriented ProjectUITests */,
			);
		};
/* End PBXProject section */

/* Begin PBXResourcesBuildPhase section */
		63ADE4D92AECFFE200D778AF /* Resources */ = {
			isa = PBXResourcesBuildPhase;
			buildActionMask = 2147483647;
			files = (
				63ADE4EB2AECFFE500D778AF /* LaunchScreen.storyboard in Resources */,
				63ADE4E82AECFFE500D778AF /* Assets.xcassets in Resources */,
			);
			runOnlyForDeploymentPostprocessing = 0;
		};
		63ADE4EF2AECFFE600D778AF /* Resources */ = {
			isa = PBXResourcesBuildPhase;
			buildActionMask = 2147483647;
			files = (
			);
			runOnlyForDeploymentPostprocessing = 0;
		};
		63ADE4F92AECFFE600D778AF /* Resources */ = {
			isa = PBXResourcesBuildPhase;
			buildActionMask = 2147483647;
			files = (
			);
			runOnlyForDeploymentPostprocessing = 0;
		};
/* End PBXResourcesBuildPhase section */

/* Begin PBXSourcesBuildPhase section */
		63ADE4D72AECFFE200D778AF /* Sources */ = {
			isa = PBXSourcesBuildPhase;
			buildActionMask = 2147483647;
			files = (
				63735D542AED1BF0005B3696 /* UserViewModelOutput.swift in Sources */,
				63735D4F2AED0395005B3696 /* APIManager.swift in Sources */,
				63ADE4E32AECFFE200D778AF /* ViewController.swift in Sources */,
				63735D4C2AED033F005B3696 /* UserModel.swift in Sources */,
				63735D522AED1A6A005B3696 /* UserViewModel.swift in Sources */,
				63ADE4DF2AECFFE200D778AF /* AppDelegate.swift in Sources */,
			);
			runOnlyForDeploymentPostprocessing = 0;
		};
		63ADE4ED2AECFFE600D778AF /* Sources */ = {
			isa = PBXSourcesBuildPhase;
			buildActionMask = 2147483647;
			files = (
				63ADE4F62AECFFE600D778AF /* ProtocolOriented_ProjectTests.swift in Sources */,
			);
			runOnlyForDeploymentPostprocessing = 0;
		};
		63ADE4F72AECFFE600D778AF /* Sources */ = {
			isa = PBXSourcesBuildPhase;
			buildActionMask = 2147483647;
			files = (
				63ADE5022AECFFE600D778AF /* ProtocolOriented_ProjectUITestsLaunchTests.swift in Sources */,
				63ADE5002AECFFE600D778AF /* ProtocolOriented_ProjectUITests.swift in Sources */,
			);
			runOnlyForDeploymentPostprocessing = 0;
		};
/* End PBXSourcesBuildPhase section */

/* Begin PBXTargetDependency section */
		63ADE4F32AECFFE600D778AF /* PBXTargetDependency */ = {
			isa = PBXTargetDependency;
			target = 63ADE4DA2AECFFE200D778AF /* ProtocolOriented Project */;
			targetProxy = 63ADE4F22AECFFE600D778AF /* PBXContainerItemProxy */;
		};
		63ADE4FD2AECFFE600D778AF /* PBXTargetDependency */ = {
			isa = PBXTargetDependency;
			target = 63ADE4DA2AECFFE200D778AF /* ProtocolOriented Project */;
			targetProxy = 63ADE4FC2AECFFE600D778AF /* PBXContainerItemProxy */;
		};
/* End PBXTargetDependency section */

/* Begin PBXVariantGroup section */
		63ADE4E92AECFFE500D778AF /* LaunchScreen.storyboard */ = {
			isa = PBXVariantGroup;
			children = (
				63ADE4EA2AECFFE500D778AF /* Base */,
			);
			name = LaunchScreen.storyboard;
			sourceTree = "<group>";
		};
/* End PBXVariantGroup section */

/* Begin XCBuildConfiguration section */
		63ADE5032AECFFE600D778AF /* Debug */ = {
			isa = XCBuildConfiguration;
			buildSettings = {
				ALWAYS_SEARCH_USER_PATHS = NO;
				ASSETCATALOG_COMPILER_GENERATE_SWIFT_ASSET_SYMBOL_EXTENSIONS = YES;
				CLANG_ANALYZER_NONNULL = YES;
				CLANG_ANALYZER_NUMBER_OBJECT_CONVERSION = YES_AGGRESSIVE;
				CLANG_CXX_LANGUAGE_STANDARD = "gnu++20";
				CLANG_ENABLE_MODULES = YES;
				CLANG_ENABLE_OBJC_ARC = YES;
				CLANG_ENABLE_OBJC_WEAK = YES;
				CLANG_WARN_BLOCK_CAPTURE_AUTORELEASING = YES;
				CLANG_WARN_BOOL_CONVERSION = YES;
				CLANG_WARN_COMMA = YES;
				CLANG_WARN_CONSTANT_CONVERSION = YES;
				CLANG_WARN_DEPRECATED_OBJC_IMPLEMENTATIONS = YES;
				CLANG_WARN_DIRECT_OBJC_ISA_USAGE = YES_ERROR;
				CLANG_WARN_DOCUMENTATION_COMMENTS = YES;
				CLANG_WARN_EMPTY_BODY = YES;
				CLANG_WARN_ENUM_CONVERSION = YES;
				CLANG_WARN_INFINITE_RECURSION = YES;
				CLANG_WARN_INT_CONVERSION = YES;
				CLANG_WARN_NON_LITERAL_NULL_CONVERSION = YES;
				CLANG_WARN_OBJC_IMPLICIT_RETAIN_SELF = YES;
				CLANG_WARN_OBJC_LITERAL_CONVERSION = YES;
				CLANG_WARN_OBJC_ROOT_CLASS = YES_ERROR;
				CLANG_WARN_QUOTED_INCLUDE_IN_FRAMEWORK_HEADER = YES;
				CLANG_WARN_RANGE_LOOP_ANALYSIS = YES;
				CLANG_WARN_STRICT_PROTOTYPES = YES;
				CLANG_WARN_SUSPICIOUS_MOVE = YES;
				CLANG_WARN_UNGUARDED_AVAILABILITY = YES_AGGRESSIVE;
				CLANG_WARN_UNREACHABLE_CODE = YES;
				CLANG_WARN__DUPLICATE_METHOD_MATCH = YES;
				COPY_PHASE_STRIP = NO;
				DEBUG_INFORMATION_FORMAT = dwarf;
				ENABLE_STRICT_OBJC_MSGSEND = YES;
				ENABLE_TESTABILITY = YES;
				ENABLE_USER_SCRIPT_SANDBOXING = YES;
				GCC_C_LANGUAGE_STANDARD = gnu17;
				GCC_DYNAMIC_NO_PIC = NO;
				GCC_NO_COMMON_BLOCKS = YES;
				GCC_OPTIMIZATION_LEVEL = 0;
				GCC_PREPROCESSOR_DEFINITIONS = (
					"DEBUG=1",
					"$(inherited)",
				);
				GCC_WARN_64_TO_32_BIT_CONVERSION = YES;
				GCC_WARN_ABOUT_RETURN_TYPE = YES_ERROR;
				GCC_WARN_UNDECLARED_SELECTOR = YES;
				GCC_WARN_UNINITIALIZED_AUTOS = YES_AGGRESSIVE;
				GCC_WARN_UNUSED_FUNCTION = YES;
				GCC_WARN_UNUSED_VARIABLE = YES;
				IPHONEOS_DEPLOYMENT_TARGET = 17.0;
				LOCALIZATION_PREFERS_STRING_CATALOGS = YES;
				MTL_ENABLE_DEBUG_INFO = INCLUDE_SOURCE;
				MTL_FAST_MATH = YES;
				ONLY_ACTIVE_ARCH = YES;
				SDKROOT = iphoneos;
				SWIFT_ACTIVE_COMPILATION_CONDITIONS = "DEBUG $(inherited)";
				SWIFT_OPTIMIZATION_LEVEL = "-Onone";
			};
			name = Debug;
		};
		63ADE5042AECFFE600D778AF /* Release */ = {
			isa = XCBuildConfiguration;
			buildSettings = {
				ALWAYS_SEARCH_USER_PATHS = NO;
				ASSETCATALOG_COMPILER_GENERATE_SWIFT_ASSET_SYMBOL_EXTENSIONS = YES;
				CLANG_ANALYZER_NONNULL = YES;
				CLANG_ANALYZER_NUMBER_OBJECT_CONVERSION = YES_AGGRESSIVE;
				CLANG_CXX_LANGUAGE_STANDARD = "gnu++20";
				CLANG_ENABLE_MODULES = YES;
				CLANG_ENABLE_OBJC_ARC = YES;
				CLANG_ENABLE_OBJC_WEAK = YES;
				CLANG_WARN_BLOCK_CAPTURE_AUTORELEASING = YES;
				CLANG_WARN_BOOL_CONVERSION = YES;
				CLANG_WARN_COMMA = YES;
				CLANG_WARN_CONSTANT_CONVERSION = YES;
				CLANG_WARN_DEPRECATED_OBJC_IMPLEMENTATIONS = YES;
				CLANG_WARN_DIRECT_OBJC_ISA_USAGE = YES_ERROR;
				CLANG_WARN_DOCUMENTATION_COMMENTS = YES;
				CLANG_WARN_EMPTY_BODY = YES;
				CLANG_WARN_ENUM_CONVERSION = YES;
				CLANG_WARN_INFINITE_RECURSION = YES;
				CLANG_WARN_INT_CONVERSION = YES;
				CLANG_WARN_NON_LITERAL_NULL_CONVERSION = YES;
				CLANG_WARN_OBJC_IMPLICIT_RETAIN_SELF = YES;
				CLANG_WARN_OBJC_LITERAL_CONVERSION = YES;
				CLANG_WARN_OBJC_ROOT_CLASS = YES_ERROR;
				CLANG_WARN_QUOTED_INCLUDE_IN_FRAMEWORK_HEADER = YES;
				CLANG_WARN_RANGE_LOOP_ANALYSIS = YES;
				CLANG_WARN_STRICT_PROTOTYPES = YES;
				CLANG_WARN_SUSPICIOUS_MOVE = YES;
				CLANG_WARN_UNGUARDED_AVAILABILITY = YES_AGGRESSIVE;
				CLANG_WARN_UNREACHABLE_CODE = YES;
				CLANG_WARN__DUPLICATE_METHOD_MATCH = YES;
				COPY_PHASE_STRIP = NO;
				DEBUG_INFORMATION_FORMAT = "dwarf-with-dsym";
				ENABLE_NS_ASSERTIONS = NO;
				ENABLE_STRICT_OBJC_MSGSEND = YES;
				ENABLE_USER_SCRIPT_SANDBOXING = YES;
				GCC_C_LANGUAGE_STANDARD = gnu17;
				GCC_NO_COMMON_BLOCKS = YES;
				GCC_WARN_64_TO_32_BIT_CONVERSION = YES;
				GCC_WARN_ABOUT_RETURN_TYPE = YES_ERROR;
				GCC_WARN_UNDECLARED_SELECTOR = YES;
				GCC_WARN_UNINITIALIZED_AUTOS = YES_AGGRESSIVE;
				GCC_WARN_UNUSED_FUNCTION = YES;
				GCC_WARN_UNUSED_VARIABLE = YES;
				IPHONEOS_DEPLOYMENT_TARGET = 17.0;
				LOCALIZATION_PREFERS_STRING_CATALOGS = YES;
				MTL_ENABLE_DEBUG_INFO = NO;
				MTL_FAST_MATH = YES;
				SDKROOT = iphoneos;
				SWIFT_COMPILATION_MODE = wholemodule;
				VALIDATE_PRODUCT = YES;
			};
			name = Release;
		};
		63ADE5062AECFFE600D778AF /* Debug */ = {
			isa = XCBuildConfiguration;
			buildSettings = {
				ASSETCATALOG_COMPILER_APPICON_NAME = AppIcon;
				ASSETCATALOG_COMPILER_GLOBAL_ACCENT_COLOR_NAME = AccentColor;
				CODE_SIGN_STYLE = Automatic;
				CURRENT_PROJECT_VERSION = 1;
				DEVELOPMENT_TEAM = 637FC6BUKX;
				GENERATE_INFOPLIST_FILE = YES;
				INFOPLIST_FILE = "ProtocolOriented Project/Info.plist";
				INFOPLIST_KEY_UIApplicationSupportsIndirectInputEvents = YES;
				INFOPLIST_KEY_UILaunchStoryboardName = LaunchScreen;
				INFOPLIST_KEY_UISupportedInterfaceOrientations_iPad = "UIInterfaceOrientationPortrait UIInterfaceOrientationPortraitUpsideDown UIInterfaceOrientationLandscapeLeft UIInterfaceOrientationLandscapeRight";
				INFOPLIST_KEY_UISupportedInterfaceOrientations_iPhone = "UIInterfaceOrientationPortrait UIInterfaceOrientationLandscapeLeft UIInterfaceOrientationLandscapeRight";
				LD_RUNPATH_SEARCH_PATHS = (
					"$(inherited)",
					"@executable_path/Frameworks",
				);
				MARKETING_VERSION = 1.0;
				PRODUCT_BUNDLE_IDENTIFIER = "com.ekenozlu.ProtocolOriented-Project";
				PRODUCT_NAME = "$(TARGET_NAME)";
				SWIFT_EMIT_LOC_STRINGS = YES;
				SWIFT_VERSION = 5.0;
				TARGETED_DEVICE_FAMILY = "1,2";
			};
			name = Debug;
		};
		63ADE5072AECFFE600D778AF /* Release */ = {
			isa = XCBuildConfiguration;
			buildSettings = {
				ASSETCATALOG_COMPILER_APPICON_NAME = AppIcon;
				ASSETCATALOG_COMPILER_GLOBAL_ACCENT_COLOR_NAME = AccentColor;
				CODE_SIGN_STYLE = Automatic;
				CURRENT_PROJECT_VERSION = 1;
				DEVELOPMENT_TEAM = 637FC6BUKX;
				GENERATE_INFOPLIST_FILE = YES;
				INFOPLIST_FILE = "ProtocolOriented Project/Info.plist";
				INFOPLIST_KEY_UIApplicationSupportsIndirectInputEvents = YES;
				INFOPLIST_KEY_UILaunchStoryboardName = LaunchScreen;
				INFOPLIST_KEY_UISupportedInterfaceOrientations_iPad = "UIInterfaceOrientationPortrait UIInterfaceOrientationPortraitUpsideDown UIInterfaceOrientationLandscapeLeft UIInterfaceOrientationLandscapeRight";
				INFOPLIST_KEY_UISupportedInterfaceOrientations_iPhone = "UIInterfaceOrientationPortrait UIInterfaceOrientationLandscapeLeft UIInterfaceOrientationLandscapeRight";
				LD_RUNPATH_SEARCH_PATHS = (
					"$(inherited)",
					"@executable_path/Frameworks",
				);
				MARKETING_VERSION = 1.0;
				PRODUCT_BUNDLE_IDENTIFIER = "com.ekenozlu.ProtocolOriented-Project";
				PRODUCT_NAME = "$(TARGET_NAME)";
				SWIFT_EMIT_LOC_STRINGS = YES;
				SWIFT_VERSION = 5.0;
				TARGETED_DEVICE_FAMILY = "1,2";
			};
			name = Release;
		};
		63ADE5092AECFFE600D778AF /* Debug */ = {
			isa = XCBuildConfiguration;
			buildSettings = {
				ALWAYS_EMBED_SWIFT_STANDARD_LIBRARIES = YES;
				BUNDLE_LOADER = "$(TEST_HOST)";
				CODE_SIGN_STYLE = Automatic;
				CURRENT_PROJECT_VERSION = 1;
				DEVELOPMENT_TEAM = 637FC6BUKX;
				GENERATE_INFOPLIST_FILE = YES;
				IPHONEOS_DEPLOYMENT_TARGET = 17.0;
				MARKETING_VERSION = 1.0;
				PRODUCT_BUNDLE_IDENTIFIER = "com.ekenozlu.ProtocolOriented-ProjectTests";
				PRODUCT_NAME = "$(TARGET_NAME)";
				SWIFT_EMIT_LOC_STRINGS = NO;
				SWIFT_VERSION = 5.0;
				TARGETED_DEVICE_FAMILY = "1,2";
				TEST_HOST = "$(BUILT_PRODUCTS_DIR)/ProtocolOriented Project.app/$(BUNDLE_EXECUTABLE_FOLDER_PATH)/ProtocolOriented Project";
			};
			name = Debug;
		};
		63ADE50A2AECFFE600D778AF /* Release */ = {
			isa = XCBuildConfiguration;
			buildSettings = {
				ALWAYS_EMBED_SWIFT_STANDARD_LIBRARIES = YES;
				BUNDLE_LOADER = "$(TEST_HOST)";
				CODE_SIGN_STYLE = Automatic;
				CURRENT_PROJECT_VERSION = 1;
				DEVELOPMENT_TEAM = 637FC6BUKX;
				GENERATE_INFOPLIST_FILE = YES;
				IPHONEOS_DEPLOYMENT_TARGET = 17.0;
				MARKETING_VERSION = 1.0;
				PRODUCT_BUNDLE_IDENTIFIER = "com.ekenozlu.ProtocolOriented-ProjectTests";
				PRODUCT_NAME = "$(TARGET_NAME)";
				SWIFT_EMIT_LOC_STRINGS = NO;
				SWIFT_VERSION = 5.0;
				TARGETED_DEVICE_FAMILY = "1,2";
				TEST_HOST = "$(BUILT_PRODUCTS_DIR)/ProtocolOriented Project.app/$(BUNDLE_EXECUTABLE_FOLDER_PATH)/ProtocolOriented Project";
			};
			name = Release;
		};
		63ADE50C2AECFFE600D778AF /* Debug */ = {
			isa = XCBuildConfiguration;
			buildSettings = {
				ALWAYS_EMBED_SWIFT_STANDARD_LIBRARIES = YES;
				CODE_SIGN_STYLE = Automatic;
				CURRENT_PROJECT_VERSION = 1;
				DEVELOPMENT_TEAM = 637FC6BUKX;
				GENERATE_INFOPLIST_FILE = YES;
				MARKETING_VERSION = 1.0;
				PRODUCT_BUNDLE_IDENTIFIER = "com.ekenozlu.ProtocolOriented-ProjectUITests";
				PRODUCT_NAME = "$(TARGET_NAME)";
				SWIFT_EMIT_LOC_STRINGS = NO;
				SWIFT_VERSION = 5.0;
				TARGETED_DEVICE_FAMILY = "1,2";
				TEST_TARGET_NAME = "ProtocolOriented Project";
			};
			name = Debug;
		};
		63ADE50D2AECFFE600D778AF /* Release */ = {
			isa = XCBuildConfiguration;
			buildSettings = {
				ALWAYS_EMBED_SWIFT_STANDARD_LIBRARIES = YES;
				CODE_SIGN_STYLE = Automatic;
				CURRENT_PROJECT_VERSION = 1;
				DEVELOPMENT_TEAM = 637FC6BUKX;
				GENERATE_INFOPLIST_FILE = YES;
				MARKETING_VERSION = 1.0;
				PRODUCT_BUNDLE_IDENTIFIER = "com.ekenozlu.ProtocolOriented-ProjectUITests";
				PRODUCT_NAME = "$(TARGET_NAME)";
				SWIFT_EMIT_LOC_STRINGS = NO;
				SWIFT_VERSION = 5.0;
				TARGETED_DEVICE_FAMILY = "1,2";
				TEST_TARGET_NAME = "ProtocolOriented Project";
			};
			name = Release;
		};
/* End XCBuildConfiguration section */

/* Begin XCConfigurationList section */
		63ADE4D62AECFFE200D778AF /* Build configuration list for PBXProject "ProtocolOriented Project" */ = {
			isa = XCConfigurationList;
			buildConfigurations = (
				63ADE5032AECFFE600D778AF /* Debug */,
				63ADE5042AECFFE600D778AF /* Release */,
			);
			defaultConfigurationIsVisible = 0;
			defaultConfigurationName = Release;
		};
		63ADE5052AECFFE600D778AF /* Build configuration list for PBXNativeTarget "ProtocolOriented Project" */ = {
			isa = XCConfigurationList;
			buildConfigurations = (
				63ADE5062AECFFE600D778AF /* Debug */,
				63ADE5072AECFFE600D778AF /* Release */,
			);
			defaultConfigurationIsVisible = 0;
			defaultConfigurationName = Release;
		};
		63ADE5082AECFFE600D778AF /* Build configuration list for PBXNativeTarget "ProtocolOriented ProjectTests" */ = {
			isa = XCConfigurationList;
			buildConfigurations = (
				63ADE5092AECFFE600D778AF /* Debug */,
				63ADE50A2AECFFE600D778AF /* Release */,
			);
			defaultConfigurationIsVisible = 0;
			defaultConfigurationName = Release;
		};
		63ADE50B2AECFFE600D778AF /* Build configuration list for PBXNativeTarget "ProtocolOriented ProjectUITests" */ = {
			isa = XCConfigurationList;
			buildConfigurations = (
				63ADE50C2AECFFE600D778AF /* Debug */,
				63ADE50D2AECFFE600D778AF /* Release */,
			);
			defaultConfigurationIsVisible = 0;
			defaultConfigurationName = Release;
		};
/* End XCConfigurationList section */
	};
	rootObject = 63ADE4D32AECFFE200D778AF /* Project object */;
}
