// !$*UTF8*$!
{
	archiveVersion = 1;
	classes = {
	};
	objectVersion = 56;
	objects = {

/* Begin PBXBuildFile section */
		63ADE4A12AECEB0A00D778AF /* AppDelegate.swift in Sources */ = {isa = PBXBuildFile; fileRef = 63ADE4A02AECEB0A00D778AF /* AppDelegate.swift */; };
		63ADE4A32AECEB0A00D778AF /* SceneDelegate.swift in Sources */ = {isa = PBXBuildFile; fileRef = 63ADE4A22AECEB0A00D778AF /* SceneDelegate.swift */; };
		63ADE4A52AECEB0A00D778AF /* ViewController.swift in Sources */ = {isa = PBXBuildFile; fileRef = 63ADE4A42AECEB0A00D778AF /* ViewController.swift */; };
		63ADE4A82AECEB0A00D778AF /* Main.storyboard in Resources */ = {isa = PBXBuildFile; fileRef = 63ADE4A62AECEB0A00D778AF /* Main.storyboard */; };
		63ADE4AA2AECEB0C00D778AF /* Assets.xcassets in Resources */ = {isa = PBXBuildFile; fileRef = 63ADE4A92AECEB0C00D778AF /* Assets.xcassets */; };
		63ADE4AD2AECEB0C00D778AF /* LaunchScreen.storyboard in Resources */ = {isa = PBXBuildFile; fileRef = 63ADE4AB2AECEB0C00D778AF /* LaunchScreen.storyboard */; };
		63ADE4B82AECEB0C00D778AF /* Swift_Unit_Test_ProjectTests.swift in Sources */ = {isa = PBXBuildFile; fileRef = 63ADE4B72AECEB0C00D778AF /* Swift_Unit_Test_ProjectTests.swift */; };
		63ADE4C22AECEB0C00D778AF /* Swift_Unit_Test_ProjectUITests.swift in Sources */ = {isa = PBXBuildFile; fileRef = 63ADE4C12AECEB0C00D778AF /* Swift_Unit_Test_ProjectUITests.swift */; };
		63ADE4C42AECEB0C00D778AF /* Swift_Unit_Test_ProjectUITestsLaunchTests.swift in Sources */ = {isa = PBXBuildFile; fileRef = 63ADE4C32AECEB0C00D778AF /* Swift_Unit_Test_ProjectUITestsLaunchTests.swift */; };
		63ADE4D12AECEE0600D778AF /* MathFunctions.swift in Sources */ = {isa = PBXBuildFile; fileRef = 63ADE4D02AECEE0600D778AF /* MathFunctions.swift */; };
/* End PBXBuildFile section */

/* Begin PBXContainerItemProxy section */
		63ADE4B42AECEB0C00D778AF /* PBXContainerItemProxy */ = {
			isa = PBXContainerItemProxy;
			containerPortal = 63ADE4952AECEB0A00D778AF /* Project object */;
			proxyType = 1;
			remoteGlobalIDString = 63ADE49C2AECEB0A00D778AF;
			remoteInfo = "Swift Unit Test Project";
		};
		63ADE4BE2AECEB0C00D778AF /* PBXContainerItemProxy */ = {
			isa = PBXContainerItemProxy;
			containerPortal = 63ADE4952AECEB0A00D778AF /* Project object */;
			proxyType = 1;
			remoteGlobalIDString = 63ADE49C2AECEB0A00D778AF;
			remoteInfo = "Swift Unit Test Project";
		};
/* End PBXContainerItemProxy section */

/* Begin PBXFileReference section */
		63ADE49D2AECEB0A00D778AF /* Swift Unit Test Project.app */ = {isa = PBXFileReference; explicitFileType = wrapper.application; includeInIndex = 0; path = "Swift Unit Test Project.app"; sourceTree = BUILT_PRODUCTS_DIR; };
		63ADE4A02AECEB0A00D778AF /* AppDelegate.swift */ = {isa = PBXFileReference; lastKnownFileType = sourcecode.swift; path = AppDelegate.swift; sourceTree = "<group>"; };
		63ADE4A22AECEB0A00D778AF /* SceneDelegate.swift */ = {isa = PBXFileReference; lastKnownFileType = sourcecode.swift; path = SceneDelegate.swift; sourceTree = "<group>"; };
		63ADE4A42AECEB0A00D778AF /* ViewController.swift */ = {isa = PBXFileReference; lastKnownFileType = sourcecode.swift; path = ViewController.swift; sourceTree = "<group>"; };
		63ADE4A72AECEB0A00D778AF /* Base */ = {isa = PBXFileReference; lastKnownFileType = file.storyboard; name = Base; path = Base.lproj/Main.storyboard; sourceTree = "<group>"; };
		63ADE4A92AECEB0C00D778AF /* Assets.xcassets */ = {isa = PBXFileReference; lastKnownFileType = folder.assetcatalog; path = Assets.xcassets; sourceTree = "<group>"; };
		63ADE4AC2AECEB0C00D778AF /* Base */ = {isa = PBXFileReference; lastKnownFileType = file.storyboard; name = Base; path = Base.lproj/LaunchScreen.storyboard; sourceTree = "<group>"; };
		63ADE4AE2AECEB0C00D778AF /* Info.plist */ = {isa = PBXFileReference; lastKnownFileType = text.plist.xml; path = Info.plist; sourceTree = "<group>"; };
		63ADE4B32AECEB0C00D778AF /* Swift Unit Test ProjectTests.xctest */ = {isa = PBXFileReference; explicitFileType = wrapper.cfbundle; includeInIndex = 0; path = "Swift Unit Test ProjectTests.xctest"; sourceTree = BUILT_PRODUCTS_DIR; };
		63ADE4B72AECEB0C00D778AF /* Swift_Unit_Test_ProjectTests.swift */ = {isa = PBXFileReference; lastKnownFileType = sourcecode.swift; path = Swift_Unit_Test_ProjectTests.swift; sourceTree = "<group>"; };
		63ADE4BD2AECEB0C00D778AF /* Swift Unit Test ProjectUITests.xctest */ = {isa = PBXFileReference; explicitFileType = wrapper.cfbundle; includeInIndex = 0; path = "Swift Unit Test ProjectUITests.xctest"; sourceTree = BUILT_PRODUCTS_DIR; };
		63ADE4C12AECEB0C00D778AF /* Swift_Unit_Test_ProjectUITests.swift */ = {isa = PBXFileReference; lastKnownFileType = sourcecode.swift; path = Swift_Unit_Test_ProjectUITests.swift; sourceTree = "<group>"; };
		63ADE4C32AECEB0C00D778AF /* Swift_Unit_Test_ProjectUITestsLaunchTests.swift */ = {isa = PBXFileReference; lastKnownFileType = sourcecode.swift; path = Swift_Unit_Test_ProjectUITestsLaunchTests.swift; sourceTree = "<group>"; };
		63ADE4D02AECEE0600D778AF /* MathFunctions.swift */ = {isa = PBXFileReference; lastKnownFileType = sourcecode.swift; path = MathFunctions.swift; sourceTree = "<group>"; };
/* End PBXFileReference section */

/* Begin PBXFrameworksBuildPhase section */
		63ADE49A2AECEB0A00D778AF /* Frameworks */ = {
			isa = PBXFrameworksBuildPhase;
			buildActionMask = 2147483647;
			files = (
			);
			runOnlyForDeploymentPostprocessing = 0;
		};
		63ADE4B02AECEB0C00D778AF /* Frameworks */ = {
			isa = PBXFrameworksBuildPhase;
			buildActionMask = 2147483647;
			files = (
			);
			runOnlyForDeploymentPostprocessing = 0;
		};
		63ADE4BA2AECEB0C00D778AF /* Frameworks */ = {
			isa = PBXFrameworksBuildPhase;
			buildActionMask = 2147483647;
			files = (
			);
			runOnlyForDeploymentPostprocessing = 0;
		};
/* End PBXFrameworksBuildPhase section */

/* Begin PBXGroup section */
		63ADE4942AECEB0A00D778AF = {
			isa = PBXGroup;
			children = (
				63ADE49F2AECEB0A00D778AF /* Swift Unit Test Project */,
				63ADE4B62AECEB0C00D778AF /* Swift Unit Test ProjectTests */,
				63ADE4C02AECEB0C00D778AF /* Swift Unit Test ProjectUITests */,
				63ADE49E2AECEB0A00D778AF /* Products */,
			);
			sourceTree = "<group>";
		};
		63ADE49E2AECEB0A00D778AF /* Products */ = {
			isa = PBXGroup;
			children = (
				63ADE49D2AECEB0A00D778AF /* Swift Unit Test Project.app */,
				63ADE4B32AECEB0C00D778AF /* Swift Unit Test ProjectTests.xctest */,
				63ADE4BD2AECEB0C00D778AF /* Swift Unit Test ProjectUITests.xctest */,
			);
			name = Products;
			sourceTree = "<group>";
		};
		63ADE49F2AECEB0A00D778AF /* Swift Unit Test Project */ = {
			isa = PBXGroup;
			children = (
				63ADE4A02AECEB0A00D778AF /* AppDelegate.swift */,
				63ADE4A22AECEB0A00D778AF /* SceneDelegate.swift */,
				63ADE4A42AECEB0A00D778AF /* ViewController.swift */,
				63ADE4A62AECEB0A00D778AF /* Main.storyboard */,
				63ADE4A92AECEB0C00D778AF /* Assets.xcassets */,
				63ADE4AB2AECEB0C00D778AF /* LaunchScreen.storyboard */,
				63ADE4AE2AECEB0C00D778AF /* Info.plist */,
				63ADE4D02AECEE0600D778AF /* MathFunctions.swift */,
			);
			path = "Swift Unit Test Project";
			sourceTree = "<group>";
		};
		63ADE4B62AECEB0C00D778AF /* Swift Unit Test ProjectTests */ = {
			isa = PBXGroup;
			children = (
				63ADE4B72AECEB0C00D778AF /* Swift_Unit_Test_ProjectTests.swift */,
			);
			path = "Swift Unit Test ProjectTests";
			sourceTree = "<group>";
		};
		63ADE4C02AECEB0C00D778AF /* Swift Unit Test ProjectUITests */ = {
			isa = PBXGroup;
			children = (
				63ADE4C12AECEB0C00D778AF /* Swift_Unit_Test_ProjectUITests.swift */,
				63ADE4C32AECEB0C00D778AF /* Swift_Unit_Test_ProjectUITestsLaunchTests.swift */,
			);
			path = "Swift Unit Test ProjectUITests";
			sourceTree = "<group>";
		};
/* End PBXGroup section */

/* Begin PBXNativeTarget section */
		63ADE49C2AECEB0A00D778AF /* Swift Unit Test Project */ = {
			isa = PBXNativeTarget;
			buildConfigurationList = 63ADE4C72AECEB0C00D778AF /* Build configuration list for PBXNativeTarget "Swift Unit Test Project" */;
			buildPhases = (
				63ADE4992AECEB0A00D778AF /* Sources */,
				63ADE49A2AECEB0A00D778AF /* Frameworks */,
				63ADE49B2AECEB0A00D778AF /* Resources */,
			);
			buildRules = (
			);
			dependencies = (
			);
			name = "Swift Unit Test Project";
			productName = "Swift Unit Test Project";
			productReference = 63ADE49D2AECEB0A00D778AF /* Swift Unit Test Project.app */;
			productType = "com.apple.product-type.application";
		};
		63ADE4B22AECEB0C00D778AF /* Swift Unit Test ProjectTests */ = {
			isa = PBXNativeTarget;
			buildConfigurationList = 63ADE4CA2AECEB0C00D778AF /* Build configuration list for PBXNativeTarget "Swift Unit Test ProjectTests" */;
			buildPhases = (
				63ADE4AF2AECEB0C00D778AF /* Sources */,
				63ADE4B02AECEB0C00D778AF /* Frameworks */,
				63ADE4B12AECEB0C00D778AF /* Resources */,
			);
			buildRules = (
			);
			dependencies = (
				63ADE4B52AECEB0C00D778AF /* PBXTargetDependency */,
			);
			name = "Swift Unit Test ProjectTests";
			productName = "Swift Unit Test ProjectTests";
			productReference = 63ADE4B32AECEB0C00D778AF /* Swift Unit Test ProjectTests.xctest */;
			productType = "com.apple.product-type.bundle.unit-test";
		};
		63ADE4BC2AECEB0C00D778AF /* Swift Unit Test ProjectUITests */ = {
			isa = PBXNativeTarget;
			buildConfigurationList = 63ADE4CD2AECEB0C00D778AF /* Build configuration list for PBXNativeTarget "Swift Unit Test ProjectUITests" */;
			buildPhases = (
				63ADE4B92AECEB0C00D778AF /* Sources */,
				63ADE4BA2AECEB0C00D778AF /* Frameworks */,
				63ADE4BB2AECEB0C00D778AF /* Resources */,
			);
			buildRules = (
			);
			dependencies = (
				63ADE4BF2AECEB0C00D778AF /* PBXTargetDependency */,
			);
			name = "Swift Unit Test ProjectUITests";
			productName = "Swift Unit Test ProjectUITests";
			productReference = 63ADE4BD2AECEB0C00D778AF /* Swift Unit Test ProjectUITests.xctest */;
			productType = "com.apple.product-type.bundle.ui-testing";
		};
/* End PBXNativeTarget section */

/* Begin PBXProject section */
		63ADE4952AECEB0A00D778AF /* Project object */ = {
			isa = PBXProject;
			attributes = {
				BuildIndependentTargetsInParallel = 1;
				LastSwiftUpdateCheck = 1500;
				LastUpgradeCheck = 1500;
				TargetAttributes = {
					63ADE49C2AECEB0A00D778AF = {
						CreatedOnToolsVersion = 15.0.1;
					};
					63ADE4B22AECEB0C00D778AF = {
						CreatedOnToolsVersion = 15.0.1;
						TestTargetID = 63ADE49C2AECEB0A00D778AF;
					};
					63ADE4BC2AECEB0C00D778AF = {
						CreatedOnToolsVersion = 15.0.1;
						TestTargetID = 63ADE49C2AECEB0A00D778AF;
					};
				};
			};
			buildConfigurationList = 63ADE4982AECEB0A00D778AF /* Build configuration list for PBXProject "Swift Unit Test Project" */;
			compatibilityVersion = "Xcode 14.0";
			developmentRegion = en;
			hasScannedForEncodings = 0;
			knownRegions = (
				en,
				Base,
			);
			mainGroup = 63ADE4942AECEB0A00D778AF;
			productRefGroup = 63ADE49E2AECEB0A00D778AF /* Products */;
			projectDirPath = "";
			projectRoot = "";
			targets = (
				63ADE49C2AECEB0A00D778AF /* Swift Unit Test Project */,
				63ADE4B22AECEB0C00D778AF /* Swift Unit Test ProjectTests */,
				63ADE4BC2AECEB0C00D778AF /* Swift Unit Test ProjectUITests */,
			);
		};
/* End PBXProject section */

/* Begin PBXResourcesBuildPhase section */
		63ADE49B2AECEB0A00D778AF /* Resources */ = {
			isa = PBXResourcesBuildPhase;
			buildActionMask = 2147483647;
			files = (
				63ADE4AD2AECEB0C00D778AF /* LaunchScreen.storyboard in Resources */,
				63ADE4AA2AECEB0C00D778AF /* Assets.xcassets in Resources */,
				63ADE4A82AECEB0A00D778AF /* Main.storyboard in Resources */,
			);
			runOnlyForDeploymentPostprocessing = 0;
		};
		63ADE4B12AECEB0C00D778AF /* Resources */ = {
			isa = PBXResourcesBuildPhase;
			buildActionMask = 2147483647;
			files = (
			);
			runOnlyForDeploymentPostprocessing = 0;
		};
		63ADE4BB2AECEB0C00D778AF /* Resources */ = {
			isa = PBXResourcesBuildPhase;
			buildActionMask = 2147483647;
			files = (
			);
			runOnlyForDeploymentPostprocessing = 0;
		};
/* End PBXResourcesBuildPhase section */

/* Begin PBXSourcesBuildPhase section */
		63ADE4992AECEB0A00D778AF /* Sources */ = {
			isa = PBXSourcesBuildPhase;
			buildActionMask = 2147483647;
			files = (
				63ADE4A52AECEB0A00D778AF /* ViewController.swift in Sources */,
				63ADE4D12AECEE0600D778AF /* MathFunctions.swift in Sources */,
				63ADE4A12AECEB0A00D778AF /* AppDelegate.swift in Sources */,
				63ADE4A32AECEB0A00D778AF /* SceneDelegate.swift in Sources */,
			);
			runOnlyForDeploymentPostprocessing = 0;
		};
		63ADE4AF2AECEB0C00D778AF /* Sources */ = {
			isa = PBXSourcesBuildPhase;
			buildActionMask = 2147483647;
			files = (
				63ADE4B82AECEB0C00D778AF /* Swift_Unit_Test_ProjectTests.swift in Sources */,
			);
			runOnlyForDeploymentPostprocessing = 0;
		};
		63ADE4B92AECEB0C00D778AF /* Sources */ = {
			isa = PBXSourcesBuildPhase;
			buildActionMask = 2147483647;
			files = (
				63ADE4C42AECEB0C00D778AF /* Swift_Unit_Test_ProjectUITestsLaunchTests.swift in Sources */,
				63ADE4C22AECEB0C00D778AF /* Swift_Unit_Test_ProjectUITests.swift in Sources */,
			);
			runOnlyForDeploymentPostprocessing = 0;
		};
/* End PBXSourcesBuildPhase section */

/* Begin PBXTargetDependency section */
		63ADE4B52AECEB0C00D778AF /* PBXTargetDependency */ = {
			isa = PBXTargetDependency;
			target = 63ADE49C2AECEB0A00D778AF /* Swift Unit Test Project */;
			targetProxy = 63ADE4B42AECEB0C00D778AF /* PBXContainerItemProxy */;
		};
		63ADE4BF2AECEB0C00D778AF /* PBXTargetDependency */ = {
			isa = PBXTargetDependency;
			target = 63ADE49C2AECEB0A00D778AF /* Swift Unit Test Project */;
			targetProxy = 63ADE4BE2AECEB0C00D778AF /* PBXContainerItemProxy */;
		};
/* End PBXTargetDependency section */

/* Begin PBXVariantGroup section */
		63ADE4A62AECEB0A00D778AF /* Main.storyboard */ = {
			isa = PBXVariantGroup;
			children = (
				63ADE4A72AECEB0A00D778AF /* Base */,
			);
			name = Main.storyboard;
			sourceTree = "<group>";
		};
		63ADE4AB2AECEB0C00D778AF /* LaunchScreen.storyboard */ = {
			isa = PBXVariantGroup;
			children = (
				63ADE4AC2AECEB0C00D778AF /* Base */,
			);
			name = LaunchScreen.storyboard;
			sourceTree = "<group>";
		};
/* End PBXVariantGroup section */

/* Begin XCBuildConfiguration section */
		63ADE4C52AECEB0C00D778AF /* Debug */ = {
			isa = XCBuildConfiguration;
			buildSettings = {
				ALWAYS_SEARCH_USER_PATHS = NO;
				ASSETCATALOG_COMPILER_GENERATE_SWIFT_ASSET_SYMBOL_EXTENSIONS = YES;
				CLANG_ANALYZER_NONNULL = YES;
				CLANG_ANALYZER_NUMBER_OBJECT_CONVERSION = YES_AGGRESSIVE;
				CLANG_CXX_LANGUAGE_STANDARD = "gnu++20";
				CLANG_ENABLE_MODULES = YES;
				CLANG_ENABLE_OBJC_ARC = YES;
				CLANG_ENABLE_OBJC_WEAK = YES;
				CLANG_WARN_BLOCK_CAPTURE_AUTORELEASING = YES;
				CLANG_WARN_BOOL_CONVERSION = YES;
				CLANG_WARN_COMMA = YES;
				CLANG_WARN_CONSTANT_CONVERSION = YES;
				CLANG_WARN_DEPRECATED_OBJC_IMPLEMENTATIONS = YES;
				CLANG_WARN_DIRECT_OBJC_ISA_USAGE = YES_ERROR;
				CLANG_WARN_DOCUMENTATION_COMMENTS = YES;
				CLANG_WARN_EMPTY_BODY = YES;
				CLANG_WARN_ENUM_CONVERSION = YES;
				CLANG_WARN_INFINITE_RECURSION = YES;
				CLANG_WARN_INT_CONVERSION = YES;
				CLANG_WARN_NON_LITERAL_NULL_CONVERSION = YES;
				CLANG_WARN_OBJC_IMPLICIT_RETAIN_SELF = YES;
				CLANG_WARN_OBJC_LITERAL_CONVERSION = YES;
				CLANG_WARN_OBJC_ROOT_CLASS = YES_ERROR;
				CLANG_WARN_QUOTED_INCLUDE_IN_FRAMEWORK_HEADER = YES;
				CLANG_WARN_RANGE_LOOP_ANALYSIS = YES;
				CLANG_WARN_STRICT_PROTOTYPES = YES;
				CLANG_WARN_SUSPICIOUS_MOVE = YES;
				CLANG_WARN_UNGUARDED_AVAILABILITY = YES_AGGRESSIVE;
				CLANG_WARN_UNREACHABLE_CODE = YES;
				CLANG_WARN__DUPLICATE_METHOD_MATCH = YES;
				COPY_PHASE_STRIP = NO;
				DEBUG_INFORMATION_FORMAT = dwarf;
				ENABLE_STRICT_OBJC_MSGSEND = YES;
				ENABLE_TESTABILITY = YES;
				ENABLE_USER_SCRIPT_SANDBOXING = YES;
				GCC_C_LANGUAGE_STANDARD = gnu17;
				GCC_DYNAMIC_NO_PIC = NO;
				GCC_NO_COMMON_BLOCKS = YES;
				GCC_OPTIMIZATION_LEVEL = 0;
				GCC_PREPROCESSOR_DEFINITIONS = (
					"DEBUG=1",
					"$(inherited)",
				);
				GCC_WARN_64_TO_32_BIT_CONVERSION = YES;
				GCC_WARN_ABOUT_RETURN_TYPE = YES_ERROR;
				GCC_WARN_UNDECLARED_SELECTOR = YES;
				GCC_WARN_UNINITIALIZED_AUTOS = YES_AGGRESSIVE;
				GCC_WARN_UNUSED_FUNCTION = YES;
				GCC_WARN_UNUSED_VARIABLE = YES;
				IPHONEOS_DEPLOYMENT_TARGET = 17.0;
				LOCALIZATION_PREFERS_STRING_CATALOGS = YES;
				MTL_ENABLE_DEBUG_INFO = INCLUDE_SOURCE;
				MTL_FAST_MATH = YES;
				ONLY_ACTIVE_ARCH = YES;
				SDKROOT = iphoneos;
				SWIFT_ACTIVE_COMPILATION_CONDITIONS = "DEBUG $(inherited)";
				SWIFT_OPTIMIZATION_LEVEL = "-Onone";
			};
			name = Debug;
		};
		63ADE4C62AECEB0C00D778AF /* Release */ = {
			isa = XCBuildConfiguration;
			buildSettings = {
				ALWAYS_SEARCH_USER_PATHS = NO;
				ASSETCATALOG_COMPILER_GENERATE_SWIFT_ASSET_SYMBOL_EXTENSIONS = YES;
				CLANG_ANALYZER_NONNULL = YES;
				CLANG_ANALYZER_NUMBER_OBJECT_CONVERSION = YES_AGGRESSIVE;
				CLANG_CXX_LANGUAGE_STANDARD = "gnu++20";
				CLANG_ENABLE_MODULES = YES;
				CLANG_ENABLE_OBJC_ARC = YES;
				CLANG_ENABLE_OBJC_WEAK = YES;
				CLANG_WARN_BLOCK_CAPTURE_AUTORELEASING = YES;
				CLANG_WARN_BOOL_CONVERSION = YES;
				CLANG_WARN_COMMA = YES;
				CLANG_WARN_CONSTANT_CONVERSION = YES;
				CLANG_WARN_DEPRECATED_OBJC_IMPLEMENTATIONS = YES;
				CLANG_WARN_DIRECT_OBJC_ISA_USAGE = YES_ERROR;
				CLANG_WARN_DOCUMENTATION_COMMENTS = YES;
				CLANG_WARN_EMPTY_BODY = YES;
				CLANG_WARN_ENUM_CONVERSION = YES;
				CLANG_WARN_INFINITE_RECURSION = YES;
				CLANG_WARN_INT_CONVERSION = YES;
				CLANG_WARN_NON_LITERAL_NULL_CONVERSION = YES;
				CLANG_WARN_OBJC_IMPLICIT_RETAIN_SELF = YES;
				CLANG_WARN_OBJC_LITERAL_CONVERSION = YES;
				CLANG_WARN_OBJC_ROOT_CLASS = YES_ERROR;
				CLANG_WARN_QUOTED_INCLUDE_IN_FRAMEWORK_HEADER = YES;
				CLANG_WARN_RANGE_LOOP_ANALYSIS = YES;
				CLANG_WARN_STRICT_PROTOTYPES = YES;
				CLANG_WARN_SUSPICIOUS_MOVE = YES;
				CLANG_WARN_UNGUARDED_AVAILABILITY = YES_AGGRESSIVE;
				CLANG_WARN_UNREACHABLE_CODE = YES;
				CLANG_WARN__DUPLICATE_METHOD_MATCH = YES;
				COPY_PHASE_STRIP = NO;
				DEBUG_INFORMATION_FORMAT = "dwarf-with-dsym";
				ENABLE_NS_ASSERTIONS = NO;
				ENABLE_STRICT_OBJC_MSGSEND = YES;
				ENABLE_USER_SCRIPT_SANDBOXING = YES;
				GCC_C_LANGUAGE_STANDARD = gnu17;
				GCC_NO_COMMON_BLOCKS = YES;
				GCC_WARN_64_TO_32_BIT_CONVERSION = YES;
				GCC_WARN_ABOUT_RETURN_TYPE = YES_ERROR;
				GCC_WARN_UNDECLARED_SELECTOR = YES;
				GCC_WARN_UNINITIALIZED_AUTOS = YES_AGGRESSIVE;
				GCC_WARN_UNUSED_FUNCTION = YES;
				GCC_WARN_UNUSED_VARIABLE = YES;
				IPHONEOS_DEPLOYMENT_TARGET = 17.0;
				LOCALIZATION_PREFERS_STRING_CATALOGS = YES;
				MTL_ENABLE_DEBUG_INFO = NO;
				MTL_FAST_MATH = YES;
				SDKROOT = iphoneos;
				SWIFT_COMPILATION_MODE = wholemodule;
				VALIDATE_PRODUCT = YES;
			};
			name = Release;
		};
		63ADE4C82AECEB0C00D778AF /* Debug */ = {
			isa = XCBuildConfiguration;
			buildSettings = {
				ASSETCATALOG_COMPILER_APPICON_NAME = AppIcon;
				ASSETCATALOG_COMPILER_GLOBAL_ACCENT_COLOR_NAME = AccentColor;
				CODE_SIGN_STYLE = Automatic;
				CURRENT_PROJECT_VERSION = 1;
				DEVELOPMENT_TEAM = 637FC6BUKX;
				GENERATE_INFOPLIST_FILE = YES;
				INFOPLIST_FILE = "Swift Unit Test Project/Info.plist";
				INFOPLIST_KEY_UIApplicationSupportsIndirectInputEvents = YES;
				INFOPLIST_KEY_UILaunchStoryboardName = LaunchScreen;
				INFOPLIST_KEY_UIMainStoryboardFile = Main;
				INFOPLIST_KEY_UISupportedInterfaceOrientations_iPad = "UIInterfaceOrientationPortrait UIInterfaceOrientationPortraitUpsideDown UIInterfaceOrientationLandscapeLeft UIInterfaceOrientationLandscapeRight";
				INFOPLIST_KEY_UISupportedInterfaceOrientations_iPhone = "UIInterfaceOrientationPortrait UIInterfaceOrientationLandscapeLeft UIInterfaceOrientationLandscapeRight";
				LD_RUNPATH_SEARCH_PATHS = (
					"$(inherited)",
					"@executable_path/Frameworks",
				);
				MARKETING_VERSION = 1.0;
				PRODUCT_BUNDLE_IDENTIFIER = "com.ekenozlu.Swift-Unit-Test-Project";
				PRODUCT_NAME = "$(TARGET_NAME)";
				SWIFT_EMIT_LOC_STRINGS = YES;
				SWIFT_VERSION = 5.0;
				TARGETED_DEVICE_FAMILY = "1,2";
			};
			name = Debug;
		};
		63ADE4C92AECEB0C00D778AF /* Release */ = {
			isa = XCBuildConfiguration;
			buildSettings = {
				ASSETCATALOG_COMPILER_APPICON_NAME = AppIcon;
				ASSETCATALOG_COMPILER_GLOBAL_ACCENT_COLOR_NAME = AccentColor;
				CODE_SIGN_STYLE = Automatic;
				CURRENT_PROJECT_VERSION = 1;
				DEVELOPMENT_TEAM = 637FC6BUKX;
				GENERATE_INFOPLIST_FILE = YES;
				INFOPLIST_FILE = "Swift Unit Test Project/Info.plist";
				INFOPLIST_KEY_UIApplicationSupportsIndirectInputEvents = YES;
				INFOPLIST_KEY_UILaunchStoryboardName = LaunchScreen;
				INFOPLIST_KEY_UIMainStoryboardFile = Main;
				INFOPLIST_KEY_UISupportedInterfaceOrientations_iPad = "UIInterfaceOrientationPortrait UIInterfaceOrientationPortraitUpsideDown UIInterfaceOrientationLandscapeLeft UIInterfaceOrientationLandscapeRight";
				INFOPLIST_KEY_UISupportedInterfaceOrientations_iPhone = "UIInterfaceOrientationPortrait UIInterfaceOrientationLandscapeLeft UIInterfaceOrientationLandscapeRight";
				LD_RUNPATH_SEARCH_PATHS = (
					"$(inherited)",
					"@executable_path/Frameworks",
				);
				MARKETING_VERSION = 1.0;
				PRODUCT_BUNDLE_IDENTIFIER = "com.ekenozlu.Swift-Unit-Test-Project";
				PRODUCT_NAME = "$(TARGET_NAME)";
				SWIFT_EMIT_LOC_STRINGS = YES;
				SWIFT_VERSION = 5.0;
				TARGETED_DEVICE_FAMILY = "1,2";
			};
			name = Release;
		};
		63ADE4CB2AECEB0C00D778AF /* Debug */ = {
			isa = XCBuildConfiguration;
			buildSettings = {
				ALWAYS_EMBED_SWIFT_STANDARD_LIBRARIES = YES;
				BUNDLE_LOADER = "$(TEST_HOST)";
				CODE_SIGN_STYLE = Automatic;
				CURRENT_PROJECT_VERSION = 1;
				DEVELOPMENT_TEAM = 637FC6BUKX;
				GENERATE_INFOPLIST_FILE = YES;
				IPHONEOS_DEPLOYMENT_TARGET = 17.0;
				MARKETING_VERSION = 1.0;
				PRODUCT_BUNDLE_IDENTIFIER = "com.ekenozlu.Swift-Unit-Test-ProjectTests";
				PRODUCT_NAME = "$(TARGET_NAME)";
				SWIFT_EMIT_LOC_STRINGS = NO;
				SWIFT_VERSION = 5.0;
				TARGETED_DEVICE_FAMILY = "1,2";
				TEST_HOST = "$(BUILT_PRODUCTS_DIR)/Swift Unit Test Project.app/$(BUNDLE_EXECUTABLE_FOLDER_PATH)/Swift Unit Test Project";
			};
			name = Debug;
		};
		63ADE4CC2AECEB0C00D778AF /* Release */ = {
			isa = XCBuildConfiguration;
			buildSettings = {
				ALWAYS_EMBED_SWIFT_STANDARD_LIBRARIES = YES;
				BUNDLE_LOADER = "$(TEST_HOST)";
				CODE_SIGN_STYLE = Automatic;
				CURRENT_PROJECT_VERSION = 1;
				DEVELOPMENT_TEAM = 637FC6BUKX;
				GENERATE_INFOPLIST_FILE = YES;
				IPHONEOS_DEPLOYMENT_TARGET = 17.0;
				MARKETING_VERSION = 1.0;
				PRODUCT_BUNDLE_IDENTIFIER = "com.ekenozlu.Swift-Unit-Test-ProjectTests";
				PRODUCT_NAME = "$(TARGET_NAME)";
				SWIFT_EMIT_LOC_STRINGS = NO;
				SWIFT_VERSION = 5.0;
				TARGETED_DEVICE_FAMILY = "1,2";
				TEST_HOST = "$(BUILT_PRODUCTS_DIR)/Swift Unit Test Project.app/$(BUNDLE_EXECUTABLE_FOLDER_PATH)/Swift Unit Test Project";
			};
			name = Release;
		};
		63ADE4CE2AECEB0C00D778AF /* Debug */ = {
			isa = XCBuildConfiguration;
			buildSettings = {
				ALWAYS_EMBED_SWIFT_STANDARD_LIBRARIES = YES;
				CODE_SIGN_STYLE = Automatic;
				CURRENT_PROJECT_VERSION = 1;
				DEVELOPMENT_TEAM = 637FC6BUKX;
				GENERATE_INFOPLIST_FILE = YES;
				MARKETING_VERSION = 1.0;
				PRODUCT_BUNDLE_IDENTIFIER = "com.ekenozlu.Swift-Unit-Test-ProjectUITests";
				PRODUCT_NAME = "$(TARGET_NAME)";
				SWIFT_EMIT_LOC_STRINGS = NO;
				SWIFT_VERSION = 5.0;
				TARGETED_DEVICE_FAMILY = "1,2";
				TEST_TARGET_NAME = "Swift Unit Test Project";
			};
			name = Debug;
		};
		63ADE4CF2AECEB0C00D778AF /* Release */ = {
			isa = XCBuildConfiguration;
			buildSettings = {
				ALWAYS_EMBED_SWIFT_STANDARD_LIBRARIES = YES;
				CODE_SIGN_STYLE = Automatic;
				CURRENT_PROJECT_VERSION = 1;
				DEVELOPMENT_TEAM = 637FC6BUKX;
				GENERATE_INFOPLIST_FILE = YES;
				MARKETING_VERSION = 1.0;
				PRODUCT_BUNDLE_IDENTIFIER = "com.ekenozlu.Swift-Unit-Test-ProjectUITests";
				PRODUCT_NAME = "$(TARGET_NAME)";
				SWIFT_EMIT_LOC_STRINGS = NO;
				SWIFT_VERSION = 5.0;
				TARGETED_DEVICE_FAMILY = "1,2";
				TEST_TARGET_NAME = "Swift Unit Test Project";
			};
			name = Release;
		};
/* End XCBuildConfiguration section */

/* Begin XCConfigurationList section */
		63ADE4982AECEB0A00D778AF /* Build configuration list for PBXProject "Swift Unit Test Project" */ = {
			isa = XCConfigurationList;
			buildConfigurations = (
				63ADE4C52AECEB0C00D778AF /* Debug */,
				63ADE4C62AECEB0C00D778AF /* Release */,
			);
			defaultConfigurationIsVisible = 0;
			defaultConfigurationName = Release;
		};
		63ADE4C72AECEB0C00D778AF /* Build configuration list for PBXNativeTarget "Swift Unit Test Project" */ = {
			isa = XCConfigurationList;
			buildConfigurations = (
				63ADE4C82AECEB0C00D778AF /* Debug */,
				63ADE4C92AECEB0C00D778AF /* Release */,
			);
			defaultConfigurationIsVisible = 0;
			defaultConfigurationName = Release;
		};
		63ADE4CA2AECEB0C00D778AF /* Build configuration list for PBXNativeTarget "Swift Unit Test ProjectTests" */ = {
			isa = XCConfigurationList;
			buildConfigurations = (
				63ADE4CB2AECEB0C00D778AF /* Debug */,
				63ADE4CC2AECEB0C00D778AF /* Release */,
			);
			defaultConfigurationIsVisible = 0;
			defaultConfigurationName = Release;
		};
		63ADE4CD2AECEB0C00D778AF /* Build configuration list for PBXNativeTarget "Swift Unit Test ProjectUITests" */ = {
			isa = XCConfigurationList;
			buildConfigurations = (
				63ADE4CE2AECEB0C00D778AF /* Debug */,
				63ADE4CF2AECEB0C00D778AF /* Release */,
			);
			defaultConfigurationIsVisible = 0;
			defaultConfigurationName = Release;
		};
/* End XCConfigurationList section */
	};
	rootObject = 63ADE4952AECEB0A00D778AF /* Project object */;
}
